
Microsoft Visual Studio Solution File, Format Version 12.00
# Visual Studio Version 17
VisualStudioVersion = 17.4.33122.133
MinimumVisualStudioVersion = 10.0.40219.1
Project("{FAE04EC0-301F-11D3-BF4B-00C04F79EFBC}") = "Inmuebles_Guia2", "Inmuebles_Guia2\Inmuebles_Guia2.csproj", "{CF6D7FCE-43C2-414A-A3BB-082D619E28F1}"
EndProject
Global
	GlobalSection(SolutionConfigurationPlatforms) = preSolution
		Debug|Any CPU = Debug|Any CPU
		Release|Any CPU = Release|Any CPU
	EndGlobalSection
	GlobalSection(ProjectConfigurationPlatforms) = postSolution
		{CF6D7FCE-43C2-414A-A3BB-082D619E28F1}.Debug|Any CPU.ActiveCfg = Debug|Any CPU
		{CF6D7FCE-43C2-414A-A3BB-082D619E28F1}.Debug|Any CPU.Build.0 = Debug|Any CPU
		{CF6D7FCE-43C2-414A-A3BB-082D619E28F1}.Release|Any CPU.ActiveCfg = Release|Any CPU
		{CF6D7FCE-43C2-414A-A3BB-082D619E28F1}.Release|Any CPU.Build.0 = Release|Any CPU
	EndGlobalSection
	GlobalSection(SolutionProperties) = preSolution
		HideSolutionNode = FALSE
	EndGlobalSection
	GlobalSection(ExtensibilityGlobals) = postSolution
		SolutionGuid = {2710E28B-1554-4EC5-8742-9EB008231C18}
	EndGlobalSection
EndGlobal
